
Microsoft Visual Studio Solution File, Format Version 12.00
# Visual Studio Version 17
VisualStudioVersion = 17.9.34723.18
MinimumVisualStudioVersion = 10.0.40219.1
Project("{2150E333-8FDC-42A3-9474-1A3956D46DE8}") = "src", "src", "{D3785A6B-1491-4B8D-9D51-5FC89B096388}"
EndProject
Project("{9A19103F-16F7-4668-BE54-9A1E7A4F7556}") = "2Eat.Domain", "src\2Eat.Domain\2Eat.Domain.csproj", "{BFBEADED-7350-443B-8D77-2841538D4C04}"
EndProject
Project("{9A19103F-16F7-4668-BE54-9A1E7A4F7556}") = "2Eat.Infrastructure", "src\2Eat.Infrastructure\2Eat.Infrastructure.csproj", "{FCAC0197-C0FB-447B-A881-280BE4582F58}"
EndProject
Project("{9A19103F-16F7-4668-BE54-9A1E7A4F7556}") = "2Eat.Application", "src\2Eat.Application\2Eat.Application.csproj", "{C39DABBD-2AD8-4EF4-9BE5-9D1D8F4E9DBC}"
EndProject
Project("{9A19103F-16F7-4668-BE54-9A1E7A4F7556}") = "2Eat.WebUI", "src\2Eat.WebUI\2Eat.WebUI\2Eat.WebUI.csproj", "{9A036FAF-5E96-4690-825A-0B36166BB193}"
EndProject
Project("{9A19103F-16F7-4668-BE54-9A1E7A4F7556}") = "2Eat.WebUI.Client", "src\2Eat.WebUI\2Eat.WebUI.Client\2Eat.WebUI.Client.csproj", "{A45B1197-BA2F-4FC8-8F9D-14F7416F6420}"
EndProject
Project("{2150E333-8FDC-42A3-9474-1A3956D46DE8}") = "Presentation", "Presentation", "{4E8F4A34-A2EC-420D-9275-74525D3269ED}"
EndProject
Global
	GlobalSection(SolutionConfigurationPlatforms) = preSolution
		Debug|Any CPU = Debug|Any CPU
		Release|Any CPU = Release|Any CPU
	EndGlobalSection
	GlobalSection(ProjectConfigurationPlatforms) = postSolution
		{BFBEADED-7350-443B-8D77-2841538D4C04}.Debug|Any CPU.ActiveCfg = Debug|Any CPU
		{BFBEADED-7350-443B-8D77-2841538D4C04}.Debug|Any CPU.Build.0 = Debug|Any CPU
		{BFBEADED-7350-443B-8D77-2841538D4C04}.Release|Any CPU.ActiveCfg = Release|Any CPU
		{BFBEADED-7350-443B-8D77-2841538D4C04}.Release|Any CPU.Build.0 = Release|Any CPU
		{FCAC0197-C0FB-447B-A881-280BE4582F58}.Debug|Any CPU.ActiveCfg = Debug|Any CPU
		{FCAC0197-C0FB-447B-A881-280BE4582F58}.Debug|Any CPU.Build.0 = Debug|Any CPU
		{FCAC0197-C0FB-447B-A881-280BE4582F58}.Release|Any CPU.ActiveCfg = Release|Any CPU
		{FCAC0197-C0FB-447B-A881-280BE4582F58}.Release|Any CPU.Build.0 = Release|Any CPU
		{C39DABBD-2AD8-4EF4-9BE5-9D1D8F4E9DBC}.Debug|Any CPU.ActiveCfg = Debug|Any CPU
		{C39DABBD-2AD8-4EF4-9BE5-9D1D8F4E9DBC}.Debug|Any CPU.Build.0 = Debug|Any CPU
		{C39DABBD-2AD8-4EF4-9BE5-9D1D8F4E9DBC}.Release|Any CPU.ActiveCfg = Release|Any CPU
		{C39DABBD-2AD8-4EF4-9BE5-9D1D8F4E9DBC}.Release|Any CPU.Build.0 = Release|Any CPU
		{9A036FAF-5E96-4690-825A-0B36166BB193}.Debug|Any CPU.ActiveCfg = Debug|Any CPU
		{9A036FAF-5E96-4690-825A-0B36166BB193}.Debug|Any CPU.Build.0 = Debug|Any CPU
		{9A036FAF-5E96-4690-825A-0B36166BB193}.Release|Any CPU.ActiveCfg = Release|Any CPU
		{9A036FAF-5E96-4690-825A-0B36166BB193}.Release|Any CPU.Build.0 = Release|Any CPU
		{A45B1197-BA2F-4FC8-8F9D-14F7416F6420}.Debug|Any CPU.ActiveCfg = Debug|Any CPU
		{A45B1197-BA2F-4FC8-8F9D-14F7416F6420}.Debug|Any CPU.Build.0 = Debug|Any CPU
		{A45B1197-BA2F-4FC8-8F9D-14F7416F6420}.Release|Any CPU.ActiveCfg = Release|Any CPU
		{A45B1197-BA2F-4FC8-8F9D-14F7416F6420}.Release|Any CPU.Build.0 = Release|Any CPU
	EndGlobalSection
	GlobalSection(SolutionProperties) = preSolution
		HideSolutionNode = FALSE
	EndGlobalSection
	GlobalSection(NestedProjects) = preSolution
		{BFBEADED-7350-443B-8D77-2841538D4C04} = {D3785A6B-1491-4B8D-9D51-5FC89B096388}
		{FCAC0197-C0FB-447B-A881-280BE4582F58} = {D3785A6B-1491-4B8D-9D51-5FC89B096388}
		{C39DABBD-2AD8-4EF4-9BE5-9D1D8F4E9DBC} = {D3785A6B-1491-4B8D-9D51-5FC89B096388}
		{9A036FAF-5E96-4690-825A-0B36166BB193} = {4E8F4A34-A2EC-420D-9275-74525D3269ED}
		{A45B1197-BA2F-4FC8-8F9D-14F7416F6420} = {4E8F4A34-A2EC-420D-9275-74525D3269ED}
		{4E8F4A34-A2EC-420D-9275-74525D3269ED} = {D3785A6B-1491-4B8D-9D51-5FC89B096388}
	EndGlobalSection
	GlobalSection(ExtensibilityGlobals) = postSolution
		SolutionGuid = {3B9DE1FA-4AB8-40B1-A62D-AC87D963827D}
	EndGlobalSection
EndGlobal
