
Microsoft Visual Studio Solution File, Format Version 12.00
# Visual Studio Version 17
VisualStudioVersion = 17.5.002.0
MinimumVisualStudioVersion = 10.0.40219.1
Project("{2150E333-8FDC-42A3-9474-1A3956D46DE8}") = "src", "src", "{15D93FEF-1ADE-4491-BBB1-1FF24DFF018A}"
EndProject
Project("{2150E333-8FDC-42A3-9474-1A3956D46DE8}") = "2Eat.WebUI", "2Eat.WebUI", "{677390A5-C19C-42FA-A100-9E865E5185FC}"
EndProject
Project("{FAE04EC0-301F-11D3-BF4B-00C04F79EFBC}") = "2Eat.WebUI.Shared", "src\2Eat.WebUI\2Eat.WebUI.Shared\2Eat.WebUI.Shared.csproj", "{1F24E0C5-1F1A-4CB2-A846-B1EE2DF5376C}"
EndProject
Project("{FAE04EC0-301F-11D3-BF4B-00C04F79EFBC}") = "2Eat.WebUI.App", "src\2Eat.WebUI\2Eat.WebUI.App\2Eat.WebUI.App.csproj", "{2C775500-294E-439E-8F54-08526965264F}"
EndProject
Project("{FAE04EC0-301F-11D3-BF4B-00C04F79EFBC}") = "2Eat.WebUI.Web", "src\2Eat.WebUI\2Eat.WebUI.Web\2Eat.WebUI.Web.csproj", "{2F4AA08C-FEFF-4747-A95B-837E11A5BC87}"
EndProject
Project("{FAE04EC0-301F-11D3-BF4B-00C04F79EFBC}") = "2Eat.Domain", "src\2Eat.Domain\2Eat.Domain.csproj", "{6AF69CAA-D60E-4A67-A445-7976258E0512}"
EndProject
Project("{FAE04EC0-301F-11D3-BF4B-00C04F79EFBC}") = "2Eat.Application", "src\2Eat.Application\2Eat.Application.csproj", "{91978FF2-B9E6-4C49-AC4F-F33733D173C5}"
EndProject
Project("{FAE04EC0-301F-11D3-BF4B-00C04F79EFBC}") = "2Eat.Infrastructure", "src\2Eat.Infrastructure\2Eat.Infrastructure.csproj", "{8FB1BF69-3811-410E-A027-4BDA71AB9486}"
EndProject
Project("{FAE04EC0-301F-11D3-BF4B-00C04F79EFBC}") = "2Eat.Web.API", "src\2Eat.Web.API\2Eat.Web.API.csproj", "{78123D34-368D-4F70-BE99-87AC4905A7FB}"
EndProject
Global
	GlobalSection(SolutionConfigurationPlatforms) = preSolution
		Debug|Any CPU = Debug|Any CPU
		Debug|ARM64 = Debug|ARM64
		Debug|x64 = Debug|x64
		Debug|x86 = Debug|x86
		Release|Any CPU = Release|Any CPU
		Release|ARM64 = Release|ARM64
		Release|x64 = Release|x64
		Release|x86 = Release|x86
	EndGlobalSection
	GlobalSection(ProjectConfigurationPlatforms) = postSolution
		{1F24E0C5-1F1A-4CB2-A846-B1EE2DF5376C}.Debug|Any CPU.ActiveCfg = Debug|Any CPU
		{1F24E0C5-1F1A-4CB2-A846-B1EE2DF5376C}.Debug|Any CPU.Build.0 = Debug|Any CPU
		{1F24E0C5-1F1A-4CB2-A846-B1EE2DF5376C}.Debug|ARM64.ActiveCfg = Debug|Any CPU
		{1F24E0C5-1F1A-4CB2-A846-B1EE2DF5376C}.Debug|ARM64.Build.0 = Debug|Any CPU
		{1F24E0C5-1F1A-4CB2-A846-B1EE2DF5376C}.Debug|x64.ActiveCfg = Debug|Any CPU
		{1F24E0C5-1F1A-4CB2-A846-B1EE2DF5376C}.Debug|x64.Build.0 = Debug|Any CPU
		{1F24E0C5-1F1A-4CB2-A846-B1EE2DF5376C}.Debug|x86.ActiveCfg = Debug|Any CPU
		{1F24E0C5-1F1A-4CB2-A846-B1EE2DF5376C}.Debug|x86.Build.0 = Debug|Any CPU
		{1F24E0C5-1F1A-4CB2-A846-B1EE2DF5376C}.Release|Any CPU.ActiveCfg = Release|Any CPU
		{1F24E0C5-1F1A-4CB2-A846-B1EE2DF5376C}.Release|Any CPU.Build.0 = Release|Any CPU
		{1F24E0C5-1F1A-4CB2-A846-B1EE2DF5376C}.Release|ARM64.ActiveCfg = Release|Any CPU
		{1F24E0C5-1F1A-4CB2-A846-B1EE2DF5376C}.Release|ARM64.Build.0 = Release|Any CPU
		{1F24E0C5-1F1A-4CB2-A846-B1EE2DF5376C}.Release|x64.ActiveCfg = Release|Any CPU
		{1F24E0C5-1F1A-4CB2-A846-B1EE2DF5376C}.Release|x64.Build.0 = Release|Any CPU
		{1F24E0C5-1F1A-4CB2-A846-B1EE2DF5376C}.Release|x86.ActiveCfg = Release|Any CPU
		{1F24E0C5-1F1A-4CB2-A846-B1EE2DF5376C}.Release|x86.Build.0 = Release|Any CPU
		{2C775500-294E-439E-8F54-08526965264F}.Debug|Any CPU.ActiveCfg = Debug|Any CPU
		{2C775500-294E-439E-8F54-08526965264F}.Debug|Any CPU.Build.0 = Debug|Any CPU
		{2C775500-294E-439E-8F54-08526965264F}.Debug|ARM64.ActiveCfg = Debug|Any CPU
		{2C775500-294E-439E-8F54-08526965264F}.Debug|ARM64.Build.0 = Debug|Any CPU
		{2C775500-294E-439E-8F54-08526965264F}.Debug|x64.ActiveCfg = Debug|Any CPU
		{2C775500-294E-439E-8F54-08526965264F}.Debug|x64.Build.0 = Debug|Any CPU
		{2C775500-294E-439E-8F54-08526965264F}.Debug|x86.ActiveCfg = Debug|Any CPU
		{2C775500-294E-439E-8F54-08526965264F}.Debug|x86.Build.0 = Debug|Any CPU
		{2C775500-294E-439E-8F54-08526965264F}.Release|Any CPU.ActiveCfg = Release|Any CPU
		{2C775500-294E-439E-8F54-08526965264F}.Release|Any CPU.Build.0 = Release|Any CPU
		{2C775500-294E-439E-8F54-08526965264F}.Release|ARM64.ActiveCfg = Release|Any CPU
		{2C775500-294E-439E-8F54-08526965264F}.Release|ARM64.Build.0 = Release|Any CPU
		{2C775500-294E-439E-8F54-08526965264F}.Release|x64.ActiveCfg = Release|Any CPU
		{2C775500-294E-439E-8F54-08526965264F}.Release|x64.Build.0 = Release|Any CPU
		{2C775500-294E-439E-8F54-08526965264F}.Release|x86.ActiveCfg = Release|Any CPU
		{2C775500-294E-439E-8F54-08526965264F}.Release|x86.Build.0 = Release|Any CPU
		{2F4AA08C-FEFF-4747-A95B-837E11A5BC87}.Debug|Any CPU.ActiveCfg = Debug|Any CPU
		{2F4AA08C-FEFF-4747-A95B-837E11A5BC87}.Debug|Any CPU.Build.0 = Debug|Any CPU
		{2F4AA08C-FEFF-4747-A95B-837E11A5BC87}.Debug|ARM64.ActiveCfg = Debug|Any CPU
		{2F4AA08C-FEFF-4747-A95B-837E11A5BC87}.Debug|ARM64.Build.0 = Debug|Any CPU
		{2F4AA08C-FEFF-4747-A95B-837E11A5BC87}.Debug|x64.ActiveCfg = Debug|Any CPU
		{2F4AA08C-FEFF-4747-A95B-837E11A5BC87}.Debug|x64.Build.0 = Debug|Any CPU
		{2F4AA08C-FEFF-4747-A95B-837E11A5BC87}.Debug|x86.ActiveCfg = Debug|Any CPU
		{2F4AA08C-FEFF-4747-A95B-837E11A5BC87}.Debug|x86.Build.0 = Debug|Any CPU
		{2F4AA08C-FEFF-4747-A95B-837E11A5BC87}.Release|Any CPU.ActiveCfg = Release|Any CPU
		{2F4AA08C-FEFF-4747-A95B-837E11A5BC87}.Release|Any CPU.Build.0 = Release|Any CPU
		{2F4AA08C-FEFF-4747-A95B-837E11A5BC87}.Release|ARM64.ActiveCfg = Release|Any CPU
		{2F4AA08C-FEFF-4747-A95B-837E11A5BC87}.Release|ARM64.Build.0 = Release|Any CPU
		{2F4AA08C-FEFF-4747-A95B-837E11A5BC87}.Release|x64.ActiveCfg = Release|Any CPU
		{2F4AA08C-FEFF-4747-A95B-837E11A5BC87}.Release|x64.Build.0 = Release|Any CPU
		{2F4AA08C-FEFF-4747-A95B-837E11A5BC87}.Release|x86.ActiveCfg = Release|Any CPU
		{2F4AA08C-FEFF-4747-A95B-837E11A5BC87}.Release|x86.Build.0 = Release|Any CPU
		{6AF69CAA-D60E-4A67-A445-7976258E0512}.Debug|Any CPU.ActiveCfg = Debug|Any CPU
		{6AF69CAA-D60E-4A67-A445-7976258E0512}.Debug|Any CPU.Build.0 = Debug|Any CPU
		{6AF69CAA-D60E-4A67-A445-7976258E0512}.Debug|ARM64.ActiveCfg = Debug|Any CPU
		{6AF69CAA-D60E-4A67-A445-7976258E0512}.Debug|ARM64.Build.0 = Debug|Any CPU
		{6AF69CAA-D60E-4A67-A445-7976258E0512}.Debug|x64.ActiveCfg = Debug|Any CPU
		{6AF69CAA-D60E-4A67-A445-7976258E0512}.Debug|x64.Build.0 = Debug|Any CPU
		{6AF69CAA-D60E-4A67-A445-7976258E0512}.Debug|x86.ActiveCfg = Debug|Any CPU
		{6AF69CAA-D60E-4A67-A445-7976258E0512}.Debug|x86.Build.0 = Debug|Any CPU
		{6AF69CAA-D60E-4A67-A445-7976258E0512}.Release|Any CPU.ActiveCfg = Release|Any CPU
		{6AF69CAA-D60E-4A67-A445-7976258E0512}.Release|Any CPU.Build.0 = Release|Any CPU
		{6AF69CAA-D60E-4A67-A445-7976258E0512}.Release|ARM64.ActiveCfg = Release|Any CPU
		{6AF69CAA-D60E-4A67-A445-7976258E0512}.Release|ARM64.Build.0 = Release|Any CPU
		{6AF69CAA-D60E-4A67-A445-7976258E0512}.Release|x64.ActiveCfg = Release|Any CPU
		{6AF69CAA-D60E-4A67-A445-7976258E0512}.Release|x64.Build.0 = Release|Any CPU
		{6AF69CAA-D60E-4A67-A445-7976258E0512}.Release|x86.ActiveCfg = Release|Any CPU
		{6AF69CAA-D60E-4A67-A445-7976258E0512}.Release|x86.Build.0 = Release|Any CPU
		{91978FF2-B9E6-4C49-AC4F-F33733D173C5}.Debug|Any CPU.ActiveCfg = Debug|Any CPU
		{91978FF2-B9E6-4C49-AC4F-F33733D173C5}.Debug|Any CPU.Build.0 = Debug|Any CPU
		{91978FF2-B9E6-4C49-AC4F-F33733D173C5}.Debug|ARM64.ActiveCfg = Debug|Any CPU
		{91978FF2-B9E6-4C49-AC4F-F33733D173C5}.Debug|ARM64.Build.0 = Debug|Any CPU
		{91978FF2-B9E6-4C49-AC4F-F33733D173C5}.Debug|x64.ActiveCfg = Debug|Any CPU
		{91978FF2-B9E6-4C49-AC4F-F33733D173C5}.Debug|x64.Build.0 = Debug|Any CPU
		{91978FF2-B9E6-4C49-AC4F-F33733D173C5}.Debug|x86.ActiveCfg = Debug|Any CPU
		{91978FF2-B9E6-4C49-AC4F-F33733D173C5}.Debug|x86.Build.0 = Debug|Any CPU
		{91978FF2-B9E6-4C49-AC4F-F33733D173C5}.Release|Any CPU.ActiveCfg = Release|Any CPU
		{91978FF2-B9E6-4C49-AC4F-F33733D173C5}.Release|Any CPU.Build.0 = Release|Any CPU
		{91978FF2-B9E6-4C49-AC4F-F33733D173C5}.Release|ARM64.ActiveCfg = Release|Any CPU
		{91978FF2-B9E6-4C49-AC4F-F33733D173C5}.Release|ARM64.Build.0 = Release|Any CPU
		{91978FF2-B9E6-4C49-AC4F-F33733D173C5}.Release|x64.ActiveCfg = Release|Any CPU
		{91978FF2-B9E6-4C49-AC4F-F33733D173C5}.Release|x64.Build.0 = Release|Any CPU
		{91978FF2-B9E6-4C49-AC4F-F33733D173C5}.Release|x86.ActiveCfg = Release|Any CPU
		{91978FF2-B9E6-4C49-AC4F-F33733D173C5}.Release|x86.Build.0 = Release|Any CPU
		{8FB1BF69-3811-410E-A027-4BDA71AB9486}.Debug|Any CPU.ActiveCfg = Debug|Any CPU
		{8FB1BF69-3811-410E-A027-4BDA71AB9486}.Debug|Any CPU.Build.0 = Debug|Any CPU
		{8FB1BF69-3811-410E-A027-4BDA71AB9486}.Debug|ARM64.ActiveCfg = Debug|Any CPU
		{8FB1BF69-3811-410E-A027-4BDA71AB9486}.Debug|ARM64.Build.0 = Debug|Any CPU
		{8FB1BF69-3811-410E-A027-4BDA71AB9486}.Debug|x64.ActiveCfg = Debug|Any CPU
		{8FB1BF69-3811-410E-A027-4BDA71AB9486}.Debug|x64.Build.0 = Debug|Any CPU
		{8FB1BF69-3811-410E-A027-4BDA71AB9486}.Debug|x86.ActiveCfg = Debug|Any CPU
		{8FB1BF69-3811-410E-A027-4BDA71AB9486}.Debug|x86.Build.0 = Debug|Any CPU
		{8FB1BF69-3811-410E-A027-4BDA71AB9486}.Release|Any CPU.ActiveCfg = Release|Any CPU
		{8FB1BF69-3811-410E-A027-4BDA71AB9486}.Release|Any CPU.Build.0 = Release|Any CPU
		{8FB1BF69-3811-410E-A027-4BDA71AB9486}.Release|ARM64.ActiveCfg = Release|Any CPU
		{8FB1BF69-3811-410E-A027-4BDA71AB9486}.Release|ARM64.Build.0 = Release|Any CPU
		{8FB1BF69-3811-410E-A027-4BDA71AB9486}.Release|x64.ActiveCfg = Release|Any CPU
		{8FB1BF69-3811-410E-A027-4BDA71AB9486}.Release|x64.Build.0 = Release|Any CPU
		{8FB1BF69-3811-410E-A027-4BDA71AB9486}.Release|x86.ActiveCfg = Release|Any CPU
		{8FB1BF69-3811-410E-A027-4BDA71AB9486}.Release|x86.Build.0 = Release|Any CPU
		{78123D34-368D-4F70-BE99-87AC4905A7FB}.Debug|Any CPU.ActiveCfg = Debug|Any CPU
		{78123D34-368D-4F70-BE99-87AC4905A7FB}.Debug|Any CPU.Build.0 = Debug|Any CPU
		{78123D34-368D-4F70-BE99-87AC4905A7FB}.Debug|ARM64.ActiveCfg = Debug|Any CPU
		{78123D34-368D-4F70-BE99-87AC4905A7FB}.Debug|ARM64.Build.0 = Debug|Any CPU
		{78123D34-368D-4F70-BE99-87AC4905A7FB}.Debug|x64.ActiveCfg = Debug|Any CPU
		{78123D34-368D-4F70-BE99-87AC4905A7FB}.Debug|x64.Build.0 = Debug|Any CPU
		{78123D34-368D-4F70-BE99-87AC4905A7FB}.Debug|x86.ActiveCfg = Debug|Any CPU
		{78123D34-368D-4F70-BE99-87AC4905A7FB}.Debug|x86.Build.0 = Debug|Any CPU
		{78123D34-368D-4F70-BE99-87AC4905A7FB}.Release|Any CPU.ActiveCfg = Release|Any CPU
		{78123D34-368D-4F70-BE99-87AC4905A7FB}.Release|Any CPU.Build.0 = Release|Any CPU
		{78123D34-368D-4F70-BE99-87AC4905A7FB}.Release|ARM64.ActiveCfg = Release|Any CPU
		{78123D34-368D-4F70-BE99-87AC4905A7FB}.Release|ARM64.Build.0 = Release|Any CPU
		{78123D34-368D-4F70-BE99-87AC4905A7FB}.Release|x64.ActiveCfg = Release|Any CPU
		{78123D34-368D-4F70-BE99-87AC4905A7FB}.Release|x64.Build.0 = Release|Any CPU
		{78123D34-368D-4F70-BE99-87AC4905A7FB}.Release|x86.ActiveCfg = Release|Any CPU
		{78123D34-368D-4F70-BE99-87AC4905A7FB}.Release|x86.Build.0 = Release|Any CPU
	EndGlobalSection
	GlobalSection(SolutionProperties) = preSolution
		HideSolutionNode = FALSE
	EndGlobalSection
	GlobalSection(NestedProjects) = preSolution
		{677390A5-C19C-42FA-A100-9E865E5185FC} = {15D93FEF-1ADE-4491-BBB1-1FF24DFF018A}
		{1F24E0C5-1F1A-4CB2-A846-B1EE2DF5376C} = {677390A5-C19C-42FA-A100-9E865E5185FC}
		{2C775500-294E-439E-8F54-08526965264F} = {677390A5-C19C-42FA-A100-9E865E5185FC}
		{2F4AA08C-FEFF-4747-A95B-837E11A5BC87} = {677390A5-C19C-42FA-A100-9E865E5185FC}
		{6AF69CAA-D60E-4A67-A445-7976258E0512} = {15D93FEF-1ADE-4491-BBB1-1FF24DFF018A}
		{91978FF2-B9E6-4C49-AC4F-F33733D173C5} = {15D93FEF-1ADE-4491-BBB1-1FF24DFF018A}
		{8FB1BF69-3811-410E-A027-4BDA71AB9486} = {15D93FEF-1ADE-4491-BBB1-1FF24DFF018A}
		{78123D34-368D-4F70-BE99-87AC4905A7FB} = {15D93FEF-1ADE-4491-BBB1-1FF24DFF018A}
	EndGlobalSection
	GlobalSection(ExtensibilityGlobals) = postSolution
		SolutionGuid = {20E6FD03-9002-4EBA-ABF2-9DDE2C488842}
	EndGlobalSection
EndGlobal
