
Microsoft Visual Studio Solution File, Format Version 12.00
# Visual Studio Version 17
VisualStudioVersion = 17.9.34723.18
MinimumVisualStudioVersion = 10.0.40219.1
Project("{2150E333-8FDC-42A3-9474-1A3956D46DE8}") = "src", "src", "{D3785A6B-1491-4B8D-9D51-5FC89B096388}"
EndProject
Project("{9A19103F-16F7-4668-BE54-9A1E7A4F7556}") = "2Eat.Domain", "src\2Eat.Domain\2Eat.Domain.csproj", "{BFBEADED-7350-443B-8D77-2841538D4C04}"
EndProject
Project("{9A19103F-16F7-4668-BE54-9A1E7A4F7556}") = "2Eat.Infrastructure", "src\2Eat.Infrastructure\2Eat.Infrastructure.csproj", "{FCAC0197-C0FB-447B-A881-280BE4582F58}"
EndProject
Project("{9A19103F-16F7-4668-BE54-9A1E7A4F7556}") = "2Eat.Application", "src\2Eat.Application\2Eat.Application.csproj", "{C39DABBD-2AD8-4EF4-9BE5-9D1D8F4E9DBC}"
EndProject
Project("{FAE04EC0-301F-11D3-BF4B-00C04F79EFBC}") = "2Eat.WebUI", "src\2Eat.WebUI\2Eat.WebUI\2Eat.WebUI\2Eat.WebUI.csproj", "{390BCE36-AA8F-407B-B337-C8FDB10136BA}"
EndProject
Project("{FAE04EC0-301F-11D3-BF4B-00C04F79EFBC}") = "2Eat.WebUI.Client", "src\2Eat.WebUI\2Eat.WebUI\2Eat.WebUI.Client\2Eat.WebUI.Client.csproj", "{2528C83D-CCF2-439C-B3FA-180B6ED7FD27}"
EndProject
Global
	GlobalSection(SolutionConfigurationPlatforms) = preSolution
		Debug|Any CPU = Debug|Any CPU
		Release|Any CPU = Release|Any CPU
	EndGlobalSection
	GlobalSection(ProjectConfigurationPlatforms) = postSolution
		{BFBEADED-7350-443B-8D77-2841538D4C04}.Debug|Any CPU.ActiveCfg = Debug|Any CPU
		{BFBEADED-7350-443B-8D77-2841538D4C04}.Debug|Any CPU.Build.0 = Debug|Any CPU
		{BFBEADED-7350-443B-8D77-2841538D4C04}.Release|Any CPU.ActiveCfg = Release|Any CPU
		{BFBEADED-7350-443B-8D77-2841538D4C04}.Release|Any CPU.Build.0 = Release|Any CPU
		{FCAC0197-C0FB-447B-A881-280BE4582F58}.Debug|Any CPU.ActiveCfg = Debug|Any CPU
		{FCAC0197-C0FB-447B-A881-280BE4582F58}.Debug|Any CPU.Build.0 = Debug|Any CPU
		{FCAC0197-C0FB-447B-A881-280BE4582F58}.Release|Any CPU.ActiveCfg = Release|Any CPU
		{FCAC0197-C0FB-447B-A881-280BE4582F58}.Release|Any CPU.Build.0 = Release|Any CPU
		{C39DABBD-2AD8-4EF4-9BE5-9D1D8F4E9DBC}.Debug|Any CPU.ActiveCfg = Debug|Any CPU
		{C39DABBD-2AD8-4EF4-9BE5-9D1D8F4E9DBC}.Debug|Any CPU.Build.0 = Debug|Any CPU
		{C39DABBD-2AD8-4EF4-9BE5-9D1D8F4E9DBC}.Release|Any CPU.ActiveCfg = Release|Any CPU
		{C39DABBD-2AD8-4EF4-9BE5-9D1D8F4E9DBC}.Release|Any CPU.Build.0 = Release|Any CPU
		{390BCE36-AA8F-407B-B337-C8FDB10136BA}.Debug|Any CPU.ActiveCfg = Debug|Any CPU
		{390BCE36-AA8F-407B-B337-C8FDB10136BA}.Debug|Any CPU.Build.0 = Debug|Any CPU
		{390BCE36-AA8F-407B-B337-C8FDB10136BA}.Release|Any CPU.ActiveCfg = Release|Any CPU
		{390BCE36-AA8F-407B-B337-C8FDB10136BA}.Release|Any CPU.Build.0 = Release|Any CPU
		{2528C83D-CCF2-439C-B3FA-180B6ED7FD27}.Debug|Any CPU.ActiveCfg = Debug|Any CPU
		{2528C83D-CCF2-439C-B3FA-180B6ED7FD27}.Debug|Any CPU.Build.0 = Debug|Any CPU
		{2528C83D-CCF2-439C-B3FA-180B6ED7FD27}.Release|Any CPU.ActiveCfg = Release|Any CPU
		{2528C83D-CCF2-439C-B3FA-180B6ED7FD27}.Release|Any CPU.Build.0 = Release|Any CPU
	EndGlobalSection
	GlobalSection(SolutionProperties) = preSolution
		HideSolutionNode = FALSE
	EndGlobalSection
	GlobalSection(NestedProjects) = preSolution
		{BFBEADED-7350-443B-8D77-2841538D4C04} = {D3785A6B-1491-4B8D-9D51-5FC89B096388}
		{FCAC0197-C0FB-447B-A881-280BE4582F58} = {D3785A6B-1491-4B8D-9D51-5FC89B096388}
		{C39DABBD-2AD8-4EF4-9BE5-9D1D8F4E9DBC} = {D3785A6B-1491-4B8D-9D51-5FC89B096388}
		{390BCE36-AA8F-407B-B337-C8FDB10136BA} = {D3785A6B-1491-4B8D-9D51-5FC89B096388}
		{2528C83D-CCF2-439C-B3FA-180B6ED7FD27} = {D3785A6B-1491-4B8D-9D51-5FC89B096388}
	EndGlobalSection
	GlobalSection(ExtensibilityGlobals) = postSolution
		SolutionGuid = {3B9DE1FA-4AB8-40B1-A62D-AC87D963827D}
	EndGlobalSection
EndGlobal
